
Microsoft Visual Studio Solution File, Format Version 12.00
# Visual Studio 15
VisualStudioVersion = 15.0.28307.539
MinimumVisualStudioVersion = 10.0.40219.1
Project("{FAE04EC0-301F-11D3-BF4B-00C04F79EFBC}") = "Line", "Line\Line.csproj", "{21FCA4D3-E4CA-416B-8F1E-A71A7D00D001}"
EndProject
Global
	GlobalSection(SolutionConfigurationPlatforms) = preSolution
		Debug|Any CPU = Debug|Any CPU
		Release|Any CPU = Release|Any CPU
	EndGlobalSection
	GlobalSection(ProjectConfigurationPlatforms) = postSolution
		{21FCA4D3-E4CA-416B-8F1E-A71A7D00D001}.Debug|Any CPU.ActiveCfg = Debug|Any CPU
		{21FCA4D3-E4CA-416B-8F1E-A71A7D00D001}.Debug|Any CPU.Build.0 = Debug|Any CPU
		{21FCA4D3-E4CA-416B-8F1E-A71A7D00D001}.Release|Any CPU.ActiveCfg = Release|Any CPU
		{21FCA4D3-E4CA-416B-8F1E-A71A7D00D001}.Release|Any CPU.Build.0 = Release|Any CPU
	EndGlobalSection
	GlobalSection(SolutionProperties) = preSolution
		HideSolutionNode = FALSE
	EndGlobalSection
	GlobalSection(ExtensibilityGlobals) = postSolution
		SolutionGuid = {EA6291F4-12CA-474C-935E-551C997E1BA4}
	EndGlobalSection
EndGlobal
